
Microsoft Visual Studio Solution File, Format Version 12.00
# Visual Studio 2012
Project("{FAE04EC0-301F-11D3-BF4B-00C04F79EFBC}") = "Kary.Intactus", "Intactus\Kary.Intactus.csproj", "{197EF4D8-9842-4D2D-B4CA-9BF0F18D9E8E}"
EndProject
Project("{FAE04EC0-301F-11D3-BF4B-00C04F79EFBC}") = "Int", "Int\Int.csproj", "{2D08D308-273E-42CA-B46B-039304DFA9DD}"
EndProject
Global
	GlobalSection(SolutionConfigurationPlatforms) = preSolution
		Debug|Any CPU = Debug|Any CPU
		Release|Any CPU = Release|Any CPU
		AppStore|Any CPU = AppStore|Any CPU
	EndGlobalSection
	GlobalSection(ProjectConfigurationPlatforms) = postSolution
		{197EF4D8-9842-4D2D-B4CA-9BF0F18D9E8E}.AppStore|Any CPU.ActiveCfg = Debug|Any CPU
		{197EF4D8-9842-4D2D-B4CA-9BF0F18D9E8E}.AppStore|Any CPU.Build.0 = Debug|Any CPU
		{197EF4D8-9842-4D2D-B4CA-9BF0F18D9E8E}.Debug|Any CPU.ActiveCfg = Debug|Any CPU
		{197EF4D8-9842-4D2D-B4CA-9BF0F18D9E8E}.Debug|Any CPU.Build.0 = Debug|Any CPU
		{197EF4D8-9842-4D2D-B4CA-9BF0F18D9E8E}.Release|Any CPU.ActiveCfg = Release|Any CPU
		{197EF4D8-9842-4D2D-B4CA-9BF0F18D9E8E}.Release|Any CPU.Build.0 = Release|Any CPU
		{2D08D308-273E-42CA-B46B-039304DFA9DD}.AppStore|Any CPU.ActiveCfg = Debug|Any CPU
		{2D08D308-273E-42CA-B46B-039304DFA9DD}.AppStore|Any CPU.Build.0 = Debug|Any CPU
		{2D08D308-273E-42CA-B46B-039304DFA9DD}.Debug|Any CPU.ActiveCfg = Debug|Any CPU
		{2D08D308-273E-42CA-B46B-039304DFA9DD}.Debug|Any CPU.Build.0 = Debug|Any CPU
		{2D08D308-273E-42CA-B46B-039304DFA9DD}.Release|Any CPU.ActiveCfg = Release|Any CPU
		{2D08D308-273E-42CA-B46B-039304DFA9DD}.Release|Any CPU.Build.0 = Release|Any CPU
	EndGlobalSection
	GlobalSection(MonoDevelopProperties) = preSolution
		StartupItem = Int\Int.csproj
	EndGlobalSection
EndGlobal
